Microsoft Visual Studio Solution File, Format Version 12.00
# Visual Studio Version 17
VisualStudioVersion = 17.5.2.0
MinimumVisualStudioVersion = 10.0.40219.1
Project("{FAE04EC0-301F-11D3-BF4B-00C04F79EFBC}") = "SmartPostOffice", "SmartPostOffice\SmartPostOffice.csproj", "{ABB5B49A-786D-8863-768F-69F302C5F2D9}"
EndProject
Global
	GlobalSection(SolutionConfigurationPlatforms) = preSolution
		Debug|Any CPU = Debug|Any CPU
		Release|Any CPU = Release|Any CPU
	EndGlobalSection
	GlobalSection(ProjectConfigurationPlatforms) = postSolution
		{ABB5B49A-786D-8863-768F-69F302C5F2D9}.Debug|Any CPU.ActiveCfg = Debug|Any CPU
		{ABB5B49A-786D-8863-768F-69F302C5F2D9}.Debug|Any CPU.Build.0 = Debug|Any CPU
		{ABB5B49A-786D-8863-768F-69F302C5F2D9}.Release|Any CPU.ActiveCfg = Release|Any CPU
		{ABB5B49A-786D-8863-768F-69F302C5F2D9}.Release|Any CPU.Build.0 = Release|Any CPU
	EndGlobalSection
	GlobalSection(SolutionProperties) = preSolution
		HideSolutionNode = FALSE
	EndGlobalSection
	GlobalSection(ExtensibilityGlobals) = postSolution
		SolutionGuid = {E362538A-8392-4A0B-8734-73D917AAE6A3}
	EndGlobalSection
EndGlobal
